
Microsoft Visual Studio Solution File, Format Version 12.00
# Visual Studio 15
Project("{FAE04EC0-301F-11D3-BF4B-00C04F79EFBC}") = "Rando", "Rando\Rando.csproj", "{BCC3E180-2AB7-4C0D-8B5F-E655AAD91F6B}"
EndProject
Global
	GlobalSection(SolutionConfigurationPlatforms) = preSolution
		Debug|Any CPU = Debug|Any CPU
		Release|Any CPU = Release|Any CPU
	EndGlobalSection
	GlobalSection(ProjectConfigurationPlatforms) = postSolution
		{BCC3E180-2AB7-4C0D-8B5F-E655AAD91F6B}.Debug|Any CPU.ActiveCfg = Debug|Any CPU
		{BCC3E180-2AB7-4C0D-8B5F-E655AAD91F6B}.Debug|Any CPU.Build.0 = Debug|Any CPU
		{BCC3E180-2AB7-4C0D-8B5F-E655AAD91F6B}.Release|Any CPU.ActiveCfg = Release|Any CPU
		{BCC3E180-2AB7-4C0D-8B5F-E655AAD91F6B}.Release|Any CPU.Build.0 = Release|Any CPU
	EndGlobalSection
EndGlobal
